// !$*UTF8*$!
{
	archiveVersion = 1;
	classes = {
	};
	objectVersion = 56;
	objects = {

/* Begin PBXBuildFile section */
		D21AC4B0296FC32200E37B56 /* AppDelegate.swift in Sources */ = {isa = PBXBuildFile; fileRef = D21AC4AF296FC32200E37B56 /* AppDelegate.swift */; };
		D21AC4B2296FC32200E37B56 /* SceneDelegate.swift in Sources */ = {isa = PBXBuildFile; fileRef = D21AC4B1296FC32200E37B56 /* SceneDelegate.swift */; };
		D21AC4B4296FC32200E37B56 /* ViewController.swift in Sources */ = {isa = PBXBuildFile; fileRef = D21AC4B3296FC32200E37B56 /* ViewController.swift */; };
		D21AC4B7296FC32200E37B56 /* Main.storyboard in Resources */ = {isa = PBXBuildFile; fileRef = D21AC4B5296FC32200E37B56 /* Main.storyboard */; };
		D21AC4BA296FC32200E37B56 /* massWhen.xcdatamodeld in Sources */ = {isa = PBXBuildFile; fileRef = D21AC4B8296FC32200E37B56 /* massWhen.xcdatamodeld */; };
		D21AC4BC296FC32400E37B56 /* Assets.xcassets in Resources */ = {isa = PBXBuildFile; fileRef = D21AC4BB296FC32400E37B56 /* Assets.xcassets */; };
		D21AC4BF296FC32400E37B56 /* LaunchScreen.storyboard in Resources */ = {isa = PBXBuildFile; fileRef = D21AC4BD296FC32400E37B56 /* LaunchScreen.storyboard */; };
		D21AC4CA296FC32400E37B56 /* massWhenTests.swift in Sources */ = {isa = PBXBuildFile; fileRef = D21AC4C9296FC32400E37B56 /* massWhenTests.swift */; };
		D21AC4D4296FC32400E37B56 /* massWhenUITests.swift in Sources */ = {isa = PBXBuildFile; fileRef = D21AC4D3296FC32400E37B56 /* massWhenUITests.swift */; };
		D21AC4D6296FC32400E37B56 /* massWhenUITestsLaunchTests.swift in Sources */ = {isa = PBXBuildFile; fileRef = D21AC4D5296FC32400E37B56 /* massWhenUITestsLaunchTests.swift */; };
/* End PBXBuildFile section */

/* Begin PBXContainerItemProxy section */
		D21AC4C6296FC32400E37B56 /* PBXContainerItemProxy */ = {
			isa = PBXContainerItemProxy;
			containerPortal = D21AC4A4296FC32200E37B56 /* Project object */;
			proxyType = 1;
			remoteGlobalIDString = D21AC4AB296FC32200E37B56;
			remoteInfo = massWhen;
		};
		D21AC4D0296FC32400E37B56 /* PBXContainerItemProxy */ = {
			isa = PBXContainerItemProxy;
			containerPortal = D21AC4A4296FC32200E37B56 /* Project object */;
			proxyType = 1;
			remoteGlobalIDString = D21AC4AB296FC32200E37B56;
			remoteInfo = massWhen;
		};
/* End PBXContainerItemProxy section */

/* Begin PBXFileReference section */
		D21AC4AC296FC32200E37B56 /* massWhen.app */ = {isa = PBXFileReference; explicitFileType = wrapper.application; includeInIndex = 0; path = massWhen.app; sourceTree = BUILT_PRODUCTS_DIR; };
		D21AC4AF296FC32200E37B56 /* AppDelegate.swift */ = {isa = PBXFileReference; lastKnownFileType = sourcecode.swift; path = AppDelegate.swift; sourceTree = "<group>"; };
		D21AC4B1296FC32200E37B56 /* SceneDelegate.swift */ = {isa = PBXFileReference; lastKnownFileType = sourcecode.swift; path = SceneDelegate.swift; sourceTree = "<group>"; };
		D21AC4B3296FC32200E37B56 /* ViewController.swift */ = {isa = PBXFileReference; lastKnownFileType = sourcecode.swift; path = ViewController.swift; sourceTree = "<group>"; };
		D21AC4B6296FC32200E37B56 /* Base */ = {isa = PBXFileReference; lastKnownFileType = file.storyboard; name = Base; path = Base.lproj/Main.storyboard; sourceTree = "<group>"; };
		D21AC4B9296FC32200E37B56 /* massWhen.xcdatamodel */ = {isa = PBXFileReference; lastKnownFileType = wrapper.xcdatamodel; path = massWhen.xcdatamodel; sourceTree = "<group>"; };
		D21AC4BB296FC32400E37B56 /* Assets.xcassets */ = {isa = PBXFileReference; lastKnownFileType = folder.assetcatalog; path = Assets.xcassets; sourceTree = "<group>"; };
		D21AC4BE296FC32400E37B56 /* Base */ = {isa = PBXFileReference; lastKnownFileType = file.storyboard; name = Base; path = Base.lproj/LaunchScreen.storyboard; sourceTree = "<group>"; };
		D21AC4C0296FC32400E37B56 /* Info.plist */ = {isa = PBXFileReference; lastKnownFileType = text.plist.xml; path = Info.plist; sourceTree = "<group>"; };
		D21AC4C5296FC32400E37B56 /* massWhenTests.xctest */ = {isa = PBXFileReference; explicitFileType = wrapper.cfbundle; includeInIndex = 0; path = massWhenTests.xctest; sourceTree = BUILT_PRODUCTS_DIR; };
		D21AC4C9296FC32400E37B56 /* massWhenTests.swift */ = {isa = PBXFileReference; lastKnownFileType = sourcecode.swift; path = massWhenTests.swift; sourceTree = "<group>"; };
		D21AC4CF296FC32400E37B56 /* massWhenUITests.xctest */ = {isa = PBXFileReference; explicitFileType = wrapper.cfbundle; includeInIndex = 0; path = massWhenUITests.xctest; sourceTree = BUILT_PRODUCTS_DIR; };
		D21AC4D3296FC32400E37B56 /* massWhenUITests.swift */ = {isa = PBXFileReference; lastKnownFileType = sourcecode.swift; path = massWhenUITests.swift; sourceTree = "<group>"; };
		D21AC4D5296FC32400E37B56 /* massWhenUITestsLaunchTests.swift */ = {isa = PBXFileReference; lastKnownFileType = sourcecode.swift; path = massWhenUITestsLaunchTests.swift; sourceTree = "<group>"; };
/* End PBXFileReference section */

/* Begin PBXFrameworksBuildPhase section */
		D21AC4A9296FC32200E37B56 /* Frameworks */ = {
			isa = PBXFrameworksBuildPhase;
			buildActionMask = 2147483647;
			files = (
			);
			runOnlyForDeploymentPostprocessing = 0;
		};
		D21AC4C2296FC32400E37B56 /* Frameworks */ = {
			isa = PBXFrameworksBuildPhase;
			buildActionMask = 2147483647;
			files = (
			);
			runOnlyForDeploymentPostprocessing = 0;
		};
		D21AC4CC296FC32400E37B56 /* Frameworks */ = {
			isa = PBXFrameworksBuildPhase;
			buildActionMask = 2147483647;
			files = (
			);
			runOnlyForDeploymentPostprocessing = 0;
		};
/* End PBXFrameworksBuildPhase section */

/* Begin PBXGroup section */
		D21AC4A3296FC32200E37B56 = {
			isa = PBXGroup;
			children = (
				D21AC4AE296FC32200E37B56 /* massWhen */,
				D21AC4C8296FC32400E37B56 /* massWhenTests */,
				D21AC4D2296FC32400E37B56 /* massWhenUITests */,
				D21AC4AD296FC32200E37B56 /* Products */,
			);
			sourceTree = "<group>";
		};
		D21AC4AD296FC32200E37B56 /* Products */ = {
			isa = PBXGroup;
			children = (
				D21AC4AC296FC32200E37B56 /* massWhen.app */,
				D21AC4C5296FC32400E37B56 /* massWhenTests.xctest */,
				D21AC4CF296FC32400E37B56 /* massWhenUITests.xctest */,
			);
			name = Products;
			sourceTree = "<group>";
		};
		D21AC4AE296FC32200E37B56 /* massWhen */ = {
			isa = PBXGroup;
			children = (
				D21AC4AF296FC32200E37B56 /* AppDelegate.swift */,
				D21AC4B1296FC32200E37B56 /* SceneDelegate.swift */,
				D21AC4B3296FC32200E37B56 /* ViewController.swift */,
				D21AC4B5296FC32200E37B56 /* Main.storyboard */,
				D21AC4BB296FC32400E37B56 /* Assets.xcassets */,
				D21AC4BD296FC32400E37B56 /* LaunchScreen.storyboard */,
				D21AC4C0296FC32400E37B56 /* Info.plist */,
				D21AC4B8296FC32200E37B56 /* massWhen.xcdatamodeld */,
			);
			path = massWhen;
			sourceTree = "<group>";
		};
		D21AC4C8296FC32400E37B56 /* massWhenTests */ = {
			isa = PBXGroup;
			children = (
				D21AC4C9296FC32400E37B56 /* massWhenTests.swift */,
			);
			path = massWhenTests;
			sourceTree = "<group>";
		};
		D21AC4D2296FC32400E37B56 /* massWhenUITests */ = {
			isa = PBXGroup;
			children = (
				D21AC4D3296FC32400E37B56 /* massWhenUITests.swift */,
				D21AC4D5296FC32400E37B56 /* massWhenUITestsLaunchTests.swift */,
			);
			path = massWhenUITests;
			sourceTree = "<group>";
		};
/* End PBXGroup section */

/* Begin PBXNativeTarget section */
		D21AC4AB296FC32200E37B56 /* massWhen */ = {
			isa = PBXNativeTarget;
			buildConfigurationList = D21AC4D9296FC32400E37B56 /* Build configuration list for PBXNativeTarget "massWhen" */;
			buildPhases = (
				D21AC4A8296FC32200E37B56 /* Sources */,
				D21AC4A9296FC32200E37B56 /* Frameworks */,
				D21AC4AA296FC32200E37B56 /* Resources */,
			);
			buildRules = (
			);
			dependencies = (
			);
			name = massWhen;
			productName = massWhen;
			productReference = D21AC4AC296FC32200E37B56 /* massWhen.app */;
			productType = "com.apple.product-type.application";
		};
		D21AC4C4296FC32400E37B56 /* massWhenTests */ = {
			isa = PBXNativeTarget;
			buildConfigurationList = D21AC4DC296FC32400E37B56 /* Build configuration list for PBXNativeTarget "massWhenTests" */;
			buildPhases = (
				D21AC4C1296FC32400E37B56 /* Sources */,
				D21AC4C2296FC32400E37B56 /* Frameworks */,
				D21AC4C3296FC32400E37B56 /* Resources */,
			);
			buildRules = (
			);
			dependencies = (
				D21AC4C7296FC32400E37B56 /* PBXTargetDependency */,
			);
			name = massWhenTests;
			productName = massWhenTests;
			productReference = D21AC4C5296FC32400E37B56 /* massWhenTests.xctest */;
			productType = "com.apple.product-type.bundle.unit-test";
		};
		D21AC4CE296FC32400E37B56 /* massWhenUITests */ = {
			isa = PBXNativeTarget;
			buildConfigurationList = D21AC4DF296FC32400E37B56 /* Build configuration list for PBXNativeTarget "massWhenUITests" */;
			buildPhases = (
				D21AC4CB296FC32400E37B56 /* Sources */,
				D21AC4CC296FC32400E37B56 /* Frameworks */,
				D21AC4CD296FC32400E37B56 /* Resources */,
			);
			buildRules = (
			);
			dependencies = (
				D21AC4D1296FC32400E37B56 /* PBXTargetDependency */,
			);
			name = massWhenUITests;
			productName = massWhenUITests;
			productReference = D21AC4CF296FC32400E37B56 /* massWhenUITests.xctest */;
			productType = "com.apple.product-type.bundle.ui-testing";
		};
/* End PBXNativeTarget section */

/* Begin PBXProject section */
		D21AC4A4296FC32200E37B56 /* Project object */ = {
			isa = PBXProject;
			attributes = {
				BuildIndependentTargetsInParallel = 1;
				LastSwiftUpdateCheck = 1420;
				LastUpgradeCheck = 1420;
				TargetAttributes = {
					D21AC4AB296FC32200E37B56 = {
						CreatedOnToolsVersion = 14.2;
					};
					D21AC4C4296FC32400E37B56 = {
						CreatedOnToolsVersion = 14.2;
						TestTargetID = D21AC4AB296FC32200E37B56;
					};
					D21AC4CE296FC32400E37B56 = {
						CreatedOnToolsVersion = 14.2;
						TestTargetID = D21AC4AB296FC32200E37B56;
					};
				};
			};
			buildConfigurationList = D21AC4A7296FC32200E37B56 /* Build configuration list for PBXProject "massWhen" */;
			compatibilityVersion = "Xcode 14.0";
			developmentRegion = en;
			hasScannedForEncodings = 0;
			knownRegions = (
				en,
				Base,
			);
			mainGroup = D21AC4A3296FC32200E37B56;
			productRefGroup = D21AC4AD296FC32200E37B56 /* Products */;
			projectDirPath = "";
			projectRoot = "";
			targets = (
				D21AC4AB296FC32200E37B56 /* massWhen */,
				D21AC4C4296FC32400E37B56 /* massWhenTests */,
				D21AC4CE296FC32400E37B56 /* massWhenUITests */,
			);
		};
/* End PBXProject section */

/* Begin PBXResourcesBuildPhase section */
		D21AC4AA296FC32200E37B56 /* Resources */ = {
			isa = PBXResourcesBuildPhase;
			buildActionMask = 2147483647;
			files = (
				D21AC4BF296FC32400E37B56 /* LaunchScreen.storyboard in Resources */,
				D21AC4BC296FC32400E37B56 /* Assets.xcassets in Resources */,
				D21AC4B7296FC32200E37B56 /* Main.storyboard in Resources */,
			);
			runOnlyForDeploymentPostprocessing = 0;
		};
		D21AC4C3296FC32400E37B56 /* Resources */ = {
			isa = PBXResourcesBuildPhase;
			buildActionMask = 2147483647;
			files = (
			);
			runOnlyForDeploymentPostprocessing = 0;
		};
		D21AC4CD296FC32400E37B56 /* Resources */ = {
			isa = PBXResourcesBuildPhase;
			buildActionMask = 2147483647;
			files = (
			);
			runOnlyForDeploymentPostprocessing = 0;
		};
/* End PBXResourcesBuildPhase section */

/* Begin PBXSourcesBuildPhase section */
		D21AC4A8296FC32200E37B56 /* Sources */ = {
			isa = PBXSourcesBuildPhase;
			buildActionMask = 2147483647;
			files = (
				D21AC4B4296FC32200E37B56 /* ViewController.swift in Sources */,
				D21AC4B0296FC32200E37B56 /* AppDelegate.swift in Sources */,
				D21AC4B2296FC32200E37B56 /* SceneDelegate.swift in Sources */,
				D21AC4BA296FC32200E37B56 /* massWhen.xcdatamodeld in Sources */,
			);
			runOnlyForDeploymentPostprocessing = 0;
		};
		D21AC4C1296FC32400E37B56 /* Sources */ = {
			isa = PBXSourcesBuildPhase;
			buildActionMask = 2147483647;
			files = (
				D21AC4CA296FC32400E37B56 /* massWhenTests.swift in Sources */,
			);
			runOnlyForDeploymentPostprocessing = 0;
		};
		D21AC4CB296FC32400E37B56 /* Sources */ = {
			isa = PBXSourcesBuildPhase;
			buildActionMask = 2147483647;
			files = (
				D21AC4D6296FC32400E37B56 /* massWhenUITestsLaunchTests.swift in Sources */,
				D21AC4D4296FC32400E37B56 /* massWhenUITests.swift in Sources */,
			);
			runOnlyForDeploymentPostprocessing = 0;
		};
/* End PBXSourcesBuildPhase section */

/* Begin PBXTargetDependency section */
		D21AC4C7296FC32400E37B56 /* PBXTargetDependency */ = {
			isa = PBXTargetDependency;
			target = D21AC4AB296FC32200E37B56 /* massWhen */;
			targetProxy = D21AC4C6296FC32400E37B56 /* PBXContainerItemProxy */;
		};
		D21AC4D1296FC32400E37B56 /* PBXTargetDependency */ = {
			isa = PBXTargetDependency;
			target = D21AC4AB296FC32200E37B56 /* massWhen */;
			targetProxy = D21AC4D0296FC32400E37B56 /* PBXContainerItemProxy */;
		};
/* End PBXTargetDependency section */

/* Begin PBXVariantGroup section */
		D21AC4B5296FC32200E37B56 /* Main.storyboard */ = {
			isa = PBXVariantGroup;
			children = (
				D21AC4B6296FC32200E37B56 /* Base */,
			);
			name = Main.storyboard;
			sourceTree = "<group>";
		};
		D21AC4BD296FC32400E37B56 /* LaunchScreen.storyboard */ = {
			isa = PBXVariantGroup;
			children = (
				D21AC4BE296FC32400E37B56 /* Base */,
			);
			name = LaunchScreen.storyboard;
			sourceTree = "<group>";
		};
/* End PBXVariantGroup section */

/* Begin XCBuildConfiguration section */
		D21AC4D7296FC32400E37B56 /* Debug */ = {
			isa = XCBuildConfiguration;
			buildSettings = {
				ALWAYS_SEARCH_USER_PATHS = NO;
				CLANG_ANALYZER_NONNULL = YES;
				CLANG_ANALYZER_NUMBER_OBJECT_CONVERSION = YES_AGGRESSIVE;
				CLANG_CXX_LANGUAGE_STANDARD = "gnu++20";
				CLANG_ENABLE_MODULES = YES;
				CLANG_ENABLE_OBJC_ARC = YES;
				CLANG_ENABLE_OBJC_WEAK = YES;
				CLANG_WARN_BLOCK_CAPTURE_AUTORELEASING = YES;
				CLANG_WARN_BOOL_CONVERSION = YES;
				CLANG_WARN_COMMA = YES;
				CLANG_WARN_CONSTANT_CONVERSION = YES;
				CLANG_WARN_DEPRECATED_OBJC_IMPLEMENTATIONS = YES;
				CLANG_WARN_DIRECT_OBJC_ISA_USAGE = YES_ERROR;
				CLANG_WARN_DOCUMENTATION_COMMENTS = YES;
				CLANG_WARN_EMPTY_BODY = YES;
				CLANG_WARN_ENUM_CONVERSION = YES;
				CLANG_WARN_INFINITE_RECURSION = YES;
				CLANG_WARN_INT_CONVERSION = YES;
				CLANG_WARN_NON_LITERAL_NULL_CONVERSION = YES;
				CLANG_WARN_OBJC_IMPLICIT_RETAIN_SELF = YES;
				CLANG_WARN_OBJC_LITERAL_CONVERSION = YES;
				CLANG_WARN_OBJC_ROOT_CLASS = YES_ERROR;
				CLANG_WARN_QUOTED_INCLUDE_IN_FRAMEWORK_HEADER = YES;
				CLANG_WARN_RANGE_LOOP_ANALYSIS = YES;
				CLANG_WARN_STRICT_PROTOTYPES = YES;
				CLANG_WARN_SUSPICIOUS_MOVE = YES;
				CLANG_WARN_UNGUARDED_AVAILABILITY = YES_AGGRESSIVE;
				CLANG_WARN_UNREACHABLE_CODE = YES;
				CLANG_WARN__DUPLICATE_METHOD_MATCH = YES;
				COPY_PHASE_STRIP = NO;
				DEBUG_INFORMATION_FORMAT = dwarf;
				ENABLE_STRICT_OBJC_MSGSEND = YES;
				ENABLE_TESTABILITY = YES;
				GCC_C_LANGUAGE_STANDARD = gnu11;
				GCC_DYNAMIC_NO_PIC = NO;
				GCC_NO_COMMON_BLOCKS = YES;
				GCC_OPTIMIZATION_LEVEL = 0;
				GCC_PREPROCESSOR_DEFINITIONS = (
					"DEBUG=1",
					"$(inherited)",
				);
				GCC_WARN_64_TO_32_BIT_CONVERSION = YES;
				GCC_WARN_ABOUT_RETURN_TYPE = YES_ERROR;
				GCC_WARN_UNDECLARED_SELECTOR = YES;
				GCC_WARN_UNINITIALIZED_AUTOS = YES_AGGRESSIVE;
				GCC_WARN_UNUSED_FUNCTION = YES;
				GCC_WARN_UNUSED_VARIABLE = YES;
				IPHONEOS_DEPLOYMENT_TARGET = 16.2;
				MTL_ENABLE_DEBUG_INFO = INCLUDE_SOURCE;
				MTL_FAST_MATH = YES;
				ONLY_ACTIVE_ARCH = YES;
				SDKROOT = iphoneos;
				SWIFT_ACTIVE_COMPILATION_CONDITIONS = DEBUG;
				SWIFT_OPTIMIZATION_LEVEL = "-Onone";
			};
			name = Debug;
		};
		D21AC4D8296FC32400E37B56 /* Release */ = {
			isa = XCBuildConfiguration;
			buildSettings = {
				ALWAYS_SEARCH_USER_PATHS = NO;
				CLANG_ANALYZER_NONNULL = YES;
				CLANG_ANALYZER_NUMBER_OBJECT_CONVERSION = YES_AGGRESSIVE;
				CLANG_CXX_LANGUAGE_STANDARD = "gnu++20";
				CLANG_ENABLE_MODULES = YES;
				CLANG_ENABLE_OBJC_ARC = YES;
				CLANG_ENABLE_OBJC_WEAK = YES;
				CLANG_WARN_BLOCK_CAPTURE_AUTORELEASING = YES;
				CLANG_WARN_BOOL_CONVERSION = YES;
				CLANG_WARN_COMMA = YES;
				CLANG_WARN_CONSTANT_CONVERSION = YES;
				CLANG_WARN_DEPRECATED_OBJC_IMPLEMENTATIONS = YES;
				CLANG_WARN_DIRECT_OBJC_ISA_USAGE = YES_ERROR;
				CLANG_WARN_DOCUMENTATION_COMMENTS = YES;
				CLANG_WARN_EMPTY_BODY = YES;
				CLANG_WARN_ENUM_CONVERSION = YES;
				CLANG_WARN_INFINITE_RECURSION = YES;
				CLANG_WARN_INT_CONVERSION = YES;
				CLANG_WARN_NON_LITERAL_NULL_CONVERSION = YES;
				CLANG_WARN_OBJC_IMPLICIT_RETAIN_SELF = YES;
				CLANG_WARN_OBJC_LITERAL_CONVERSION = YES;
				CLANG_WARN_OBJC_ROOT_CLASS = YES_ERROR;
				CLANG_WARN_QUOTED_INCLUDE_IN_FRAMEWORK_HEADER = YES;
				CLANG_WARN_RANGE_LOOP_ANALYSIS = YES;
				CLANG_WARN_STRICT_PROTOTYPES = YES;
				CLANG_WARN_SUSPICIOUS_MOVE = YES;
				CLANG_WARN_UNGUARDED_AVAILABILITY = YES_AGGRESSIVE;
				CLANG_WARN_UNREACHABLE_CODE = YES;
				CLANG_WARN__DUPLICATE_METHOD_MATCH = YES;
				COPY_PHASE_STRIP = NO;
				DEBUG_INFORMATION_FORMAT = "dwarf-with-dsym";
				ENABLE_NS_ASSERTIONS = NO;
				ENABLE_STRICT_OBJC_MSGSEND = YES;
				GCC_C_LANGUAGE_STANDARD = gnu11;
				GCC_NO_COMMON_BLOCKS = YES;
				GCC_WARN_64_TO_32_BIT_CONVERSION = YES;
				GCC_WARN_ABOUT_RETURN_TYPE = YES_ERROR;
				GCC_WARN_UNDECLARED_SELECTOR = YES;
				GCC_WARN_UNINITIALIZED_AUTOS = YES_AGGRESSIVE;
				GCC_WARN_UNUSED_FUNCTION = YES;
				GCC_WARN_UNUSED_VARIABLE = YES;
				IPHONEOS_DEPLOYMENT_TARGET = 16.2;
				MTL_ENABLE_DEBUG_INFO = NO;
				MTL_FAST_MATH = YES;
				SDKROOT = iphoneos;
				SWIFT_COMPILATION_MODE = wholemodule;
				SWIFT_OPTIMIZATION_LEVEL = "-O";
				VALIDATE_PRODUCT = YES;
			};
			name = Release;
		};
		D21AC4DA296FC32400E37B56 /* Debug */ = {
			isa = XCBuildConfiguration;
			buildSettings = {
				ASSETCATALOG_COMPILER_APPICON_NAME = AppIcon;
				ASSETCATALOG_COMPILER_GLOBAL_ACCENT_COLOR_NAME = AccentColor;
				CODE_SIGN_STYLE = Automatic;
				CURRENT_PROJECT_VERSION = 1;
				GENERATE_INFOPLIST_FILE = YES;
				INFOPLIST_FILE = massWhen/Info.plist;
				INFOPLIST_KEY_UIApplicationSupportsIndirectInputEvents = YES;
				INFOPLIST_KEY_UILaunchStoryboardName = LaunchScreen;
				INFOPLIST_KEY_UIMainStoryboardFile = Main;
				INFOPLIST_KEY_UISupportedInterfaceOrientations_iPad = "UIInterfaceOrientationPortrait UIInterfaceOrientationPortraitUpsideDown UIInterfaceOrientationLandscapeLeft UIInterfaceOrientationLandscapeRight";
				INFOPLIST_KEY_UISupportedInterfaceOrientations_iPhone = "UIInterfaceOrientationPortrait UIInterfaceOrientationLandscapeLeft UIInterfaceOrientationLandscapeRight";
				LD_RUNPATH_SEARCH_PATHS = (
					"$(inherited)",
					"@executable_path/Frameworks",
				);
				MARKETING_VERSION = 1.0;
				PRODUCT_BUNDLE_IDENTIFIER = dd.massWhen;
				PRODUCT_NAME = "$(TARGET_NAME)";
				SWIFT_EMIT_LOC_STRINGS = YES;
				SWIFT_VERSION = 5.0;
				TARGETED_DEVICE_FAMILY = "1,2";
			};
			name = Debug;
		};
		D21AC4DB296FC32400E37B56 /* Release */ = {
			isa = XCBuildConfiguration;
			buildSettings = {
				ASSETCATALOG_COMPILER_APPICON_NAME = AppIcon;
				ASSETCATALOG_COMPILER_GLOBAL_ACCENT_COLOR_NAME = AccentColor;
				CODE_SIGN_STYLE = Automatic;
				CURRENT_PROJECT_VERSION = 1;
				GENERATE_INFOPLIST_FILE = YES;
				INFOPLIST_FILE = massWhen/Info.plist;
				INFOPLIST_KEY_UIApplicationSupportsIndirectInputEvents = YES;
				INFOPLIST_KEY_UILaunchStoryboardName = LaunchScreen;
				INFOPLIST_KEY_UIMainStoryboardFile = Main;
				INFOPLIST_KEY_UISupportedInterfaceOrientations_iPad = "UIInterfaceOrientationPortrait UIInterfaceOrientationPortraitUpsideDown UIInterfaceOrientationLandscapeLeft UIInterfaceOrientationLandscapeRight";
				INFOPLIST_KEY_UISupportedInterfaceOrientations_iPhone = "UIInterfaceOrientationPortrait UIInterfaceOrientationLandscapeLeft UIInterfaceOrientationLandscapeRight";
				LD_RUNPATH_SEARCH_PATHS = (
					"$(inherited)",
					"@executable_path/Frameworks",
				);
				MARKETING_VERSION = 1.0;
				PRODUCT_BUNDLE_IDENTIFIER = dd.massWhen;
				PRODUCT_NAME = "$(TARGET_NAME)";
				SWIFT_EMIT_LOC_STRINGS = YES;
				SWIFT_VERSION = 5.0;
				TARGETED_DEVICE_FAMILY = "1,2";
			};
			name = Release;
		};
		D21AC4DD296FC32400E37B56 /* Debug */ = {
			isa = XCBuildConfiguration;
			buildSettings = {
				ALWAYS_EMBED_SWIFT_STANDARD_LIBRARIES = YES;
				BUNDLE_LOADER = "$(TEST_HOST)";
				CODE_SIGN_STYLE = Automatic;
				CURRENT_PROJECT_VERSION = 1;
				GENERATE_INFOPLIST_FILE = YES;
				IPHONEOS_DEPLOYMENT_TARGET = 16.2;
				MARKETING_VERSION = 1.0;
				PRODUCT_BUNDLE_IDENTIFIER = dd.massWhenTests;
				PRODUCT_NAME = "$(TARGET_NAME)";
				SWIFT_EMIT_LOC_STRINGS = NO;
				SWIFT_VERSION = 5.0;
				TARGETED_DEVICE_FAMILY = "1,2";
				TEST_HOST = "$(BUILT_PRODUCTS_DIR)/massWhen.app/$(BUNDLE_EXECUTABLE_FOLDER_PATH)/massWhen";
			};
			name = Debug;
		};
		D21AC4DE296FC32400E37B56 /* Release */ = {
			isa = XCBuildConfiguration;
			buildSettings = {
				ALWAYS_EMBED_SWIFT_STANDARD_LIBRARIES = YES;
				BUNDLE_LOADER = "$(TEST_HOST)";
				CODE_SIGN_STYLE = Automatic;
				CURRENT_PROJECT_VERSION = 1;
				GENERATE_INFOPLIST_FILE = YES;
				IPHONEOS_DEPLOYMENT_TARGET = 16.2;
				MARKETING_VERSION = 1.0;
				PRODUCT_BUNDLE_IDENTIFIER = dd.massWhenTests;
				PRODUCT_NAME = "$(TARGET_NAME)";
				SWIFT_EMIT_LOC_STRINGS = NO;
				SWIFT_VERSION = 5.0;
				TARGETED_DEVICE_FAMILY = "1,2";
				TEST_HOST = "$(BUILT_PRODUCTS_DIR)/massWhen.app/$(BUNDLE_EXECUTABLE_FOLDER_PATH)/massWhen";
			};
			name = Release;
		};
		D21AC4E0296FC32400E37B56 /* Debug */ = {
			isa = XCBuildConfiguration;
			buildSettings = {
				ALWAYS_EMBED_SWIFT_STANDARD_LIBRARIES = YES;
				CODE_SIGN_STYLE = Automatic;
				CURRENT_PROJECT_VERSION = 1;
				GENERATE_INFOPLIST_FILE = YES;
				MARKETING_VERSION = 1.0;
				PRODUCT_BUNDLE_IDENTIFIER = dd.massWhenUITests;
				PRODUCT_NAME = "$(TARGET_NAME)";
				SWIFT_EMIT_LOC_STRINGS = NO;
				SWIFT_VERSION = 5.0;
				TARGETED_DEVICE_FAMILY = "1,2";
				TEST_TARGET_NAME = massWhen;
			};
			name = Debug;
		};
		D21AC4E1296FC32400E37B56 /* Release */ = {
			isa = XCBuildConfiguration;
			buildSettings = {
				ALWAYS_EMBED_SWIFT_STANDARD_LIBRARIES = YES;
				CODE_SIGN_STYLE = Automatic;
				CURRENT_PROJECT_VERSION = 1;
				GENERATE_INFOPLIST_FILE = YES;
				MARKETING_VERSION = 1.0;
				PRODUCT_BUNDLE_IDENTIFIER = dd.massWhenUITests;
				PRODUCT_NAME = "$(TARGET_NAME)";
				SWIFT_EMIT_LOC_STRINGS = NO;
				SWIFT_VERSION = 5.0;
				TARGETED_DEVICE_FAMILY = "1,2";
				TEST_TARGET_NAME = massWhen;
			};
			name = Release;
		};
/* End XCBuildConfiguration section */

/* Begin XCConfigurationList section */
		D21AC4A7296FC32200E37B56 /* Build configuration list for PBXProject "massWhen" */ = {
			isa = XCConfigurationList;
			buildConfigurations = (
				D21AC4D7296FC32400E37B56 /* Debug */,
				D21AC4D8296FC32400E37B56 /* Release */,
			);
			defaultConfigurationIsVisible = 0;
			defaultConfigurationName = Release;
		};
		D21AC4D9296FC32400E37B56 /* Build configuration list for PBXNativeTarget "massWhen" */ = {
			isa = XCConfigurationList;
			buildConfigurations = (
				D21AC4DA296FC32400E37B56 /* Debug */,
				D21AC4DB296FC32400E37B56 /* Release */,
			);
			defaultConfigurationIsVisible = 0;
			defaultConfigurationName = Release;
		};
		D21AC4DC296FC32400E37B56 /* Build configuration list for PBXNativeTarget "massWhenTests" */ = {
			isa = XCConfigurationList;
			buildConfigurations = (
				D21AC4DD296FC32400E37B56 /* Debug */,
				D21AC4DE296FC32400E37B56 /* Release */,
			);
			defaultConfigurationIsVisible = 0;
			defaultConfigurationName = Release;
		};
		D21AC4DF296FC32400E37B56 /* Build configuration list for PBXNativeTarget "massWhenUITests" */ = {
			isa = XCConfigurationList;
			buildConfigurations = (
				D21AC4E0296FC32400E37B56 /* Debug */,
				D21AC4E1296FC32400E37B56 /* Release */,
			);
			defaultConfigurationIsVisible = 0;
			defaultConfigurationName = Release;
		};
/* End XCConfigurationList section */

/* Begin XCVersionGroup section */
		D21AC4B8296FC32200E37B56 /* massWhen.xcdatamodeld */ = {
			isa = XCVersionGroup;
			children = (
				D21AC4B9296FC32200E37B56 /* massWhen.xcdatamodel */,
			);
			currentVersion = D21AC4B9296FC32200E37B56 /* massWhen.xcdatamodel */;
			path = massWhen.xcdatamodeld;
			sourceTree = "<group>";
			versionGroupType = wrapper.xcdatamodel;
		};
/* End XCVersionGroup section */
	};
	rootObject = D21AC4A4296FC32200E37B56 /* Project object */;
}
